// !$*UTF8*$!
{
	archiveVersion = 1;
	classes = {
	};
	objectVersion = 46;
	objects = {

/* Begin PBXBuildFile section */
		E47D2E5817477EDD000EBFE1 /* UIKit.framework in Frameworks */ = {isa = PBXBuildFile; fileRef = E47D2E5717477EDD000EBFE1 /* UIKit.framework */; };
		E47D2E5A17477EDD000EBFE1 /* Foundation.framework in Frameworks */ = {isa = PBXBuildFile; fileRef = E47D2E5917477EDD000EBFE1 /* Foundation.framework */; };
		E47D2E5C17477EDD000EBFE1 /* CoreGraphics.framework in Frameworks */ = {isa = PBXBuildFile; fileRef = E47D2E5B17477EDD000EBFE1 /* CoreGraphics.framework */; };
		E47D2E6217477EDD000EBFE1 /* InfoPlist.strings in Resources */ = {isa = PBXBuildFile; fileRef = E47D2E6017477EDD000EBFE1 /* InfoPlist.strings */; };
		E47D2E6417477EDD000EBFE1 /* main.m in Sources */ = {isa = PBXBuildFile; fileRef = E47D2E6317477EDD000EBFE1 /* main.m */; };
		E47D2E6A17477EDD000EBFE1 /* Default.png in Resources */ = {isa = PBXBuildFile; fileRef = E47D2E6917477EDD000EBFE1 /* Default.png */; };
		E47D2E6C17477EDD000EBFE1 /* Default@2x.png in Resources */ = {isa = PBXBuildFile; fileRef = E47D2E6B17477EDD000EBFE1 /* Default@2x.png */; };
		E47D2E6E17477EDD000EBFE1 /* Default-568h@2x.png in Resources */ = {isa = PBXBuildFile; fileRef = E47D2E6D17477EDD000EBFE1 /* Default-568h@2x.png */; };
		E47D2E7117477EDD000EBFE1 /* MainStoryboard_iPhone.storyboard in Resources */ = {isa = PBXBuildFile; fileRef = E47D2E6F17477EDD000EBFE1 /* MainStoryboard_iPhone.storyboard */; };
		E47D2E7417477EDD000EBFE1 /* MainStoryboard_iPad.storyboard in Resources */ = {isa = PBXBuildFile; fileRef = E47D2E7217477EDD000EBFE1 /* MainStoryboard_iPad.storyboard */; };
		E47D2E8217477F28000EBFE1 /* AppDelegate.m in Sources */ = {isa = PBXBuildFile; fileRef = E47D2E7F17477F28000EBFE1 /* AppDelegate.m */; };
		E47D2E8317477F28000EBFE1 /* MainController.m in Sources */ = {isa = PBXBuildFile; fileRef = E47D2E8117477F28000EBFE1 /* MainController.m */; };
		E47D2E9117479C24000EBFE1 /* GameCenterManager.m in Sources */ = {isa = PBXBuildFile; fileRef = E47D2E9017479C24000EBFE1 /* GameCenterManager.m */; };
/* End PBXBuildFile section */

/* Begin PBXFileReference section */
		E47D2E5417477EDD000EBFE1 /* ArenaBlock.app */ = {isa = PBXFileReference; explicitFileType = wrapper.application; includeInIndex = 0; path = ArenaBlock.app; sourceTree = BUILT_PRODUCTS_DIR; };
		E47D2E5717477EDD000EBFE1 /* UIKit.framework */ = {isa = PBXFileReference; lastKnownFileType = wrapper.framework; name = UIKit.framework; path = System/Library/Frameworks/UIKit.framework; sourceTree = SDKROOT; };
		E47D2E5917477EDD000EBFE1 /* Foundation.framework */ = {isa = PBXFileReference; lastKnownFileType = wrapper.framework; name = Foundation.framework; path = System/Library/Frameworks/Foundation.framework; sourceTree = SDKROOT; };
		E47D2E5B17477EDD000EBFE1 /* CoreGraphics.framework */ = {isa = PBXFileReference; lastKnownFileType = wrapper.framework; name = CoreGraphics.framework; path = System/Library/Frameworks/CoreGraphics.framework; sourceTree = SDKROOT; };
		E47D2E5F17477EDD000EBFE1 /* ArenaBlock-Info.plist */ = {isa = PBXFileReference; lastKnownFileType = text.plist.xml; path = "ArenaBlock-Info.plist"; sourceTree = "<group>"; };
		E47D2E6117477EDD000EBFE1 /* en */ = {isa = PBXFileReference; lastKnownFileType = text.plist.strings; name = en; path = en.lproj/InfoPlist.strings; sourceTree = "<group>"; };
		E47D2E6317477EDD000EBFE1 /* main.m */ = {isa = PBXFileReference; lastKnownFileType = sourcecode.c.objc; path = main.m; sourceTree = "<group>"; };
		E47D2E6517477EDD000EBFE1 /* ArenaBlock-Prefix.pch */ = {isa = PBXFileReference; lastKnownFileType = sourcecode.c.h; path = "ArenaBlock-Prefix.pch"; sourceTree = "<group>"; };
		E47D2E6917477EDD000EBFE1 /* Default.png */ = {isa = PBXFileReference; lastKnownFileType = image.png; path = Default.png; sourceTree = "<group>"; };
		E47D2E6B17477EDD000EBFE1 /* Default@2x.png */ = {isa = PBXFileReference; lastKnownFileType = image.png; path = "Default@2x.png"; sourceTree = "<group>"; };
		E47D2E6D17477EDD000EBFE1 /* Default-568h@2x.png */ = {isa = PBXFileReference; lastKnownFileType = image.png; path = "Default-568h@2x.png"; sourceTree = "<group>"; };
		E47D2E7017477EDD000EBFE1 /* en */ = {isa = PBXFileReference; lastKnownFileType = file.storyboard; name = en; path = en.lproj/MainStoryboard_iPhone.storyboard; sourceTree = "<group>"; };
		E47D2E7317477EDD000EBFE1 /* en */ = {isa = PBXFileReference; lastKnownFileType = file.storyboard; name = en; path = en.lproj/MainStoryboard_iPad.storyboard; sourceTree = "<group>"; };
		E47D2E7E17477F28000EBFE1 /* AppDelegate.h */ = {isa = PBXFileReference; fileEncoding = 4; lastKnownFileType = sourcecode.c.h; name = AppDelegate.h; path = Classes/AppDelegate.h; sourceTree = "<group>"; };
		E47D2E7F17477F28000EBFE1 /* AppDelegate.m */ = {isa = PBXFileReference; fileEncoding = 4; lastKnownFileType = sourcecode.c.objc; name = AppDelegate.m; path = Classes/AppDelegate.m; sourceTree = "<group>"; };
		E47D2E8017477F28000EBFE1 /* MainController.h */ = {isa = PBXFileReference; fileEncoding = 4; lastKnownFileType = sourcecode.c.h; name = MainController.h; path = Classes/MainController.h; sourceTree = "<group>"; };
		E47D2E8117477F28000EBFE1 /* MainController.m */ = {isa = PBXFileReference; fileEncoding = 4; lastKnownFileType = sourcecode.c.objc; name = MainController.m; path = Classes/MainController.m; sourceTree = "<group>"; };
		E47D2E8F17479C24000EBFE1 /* GameCenterManager.h */ = {isa = PBXFileReference; fileEncoding = 4; lastKnownFileType = sourcecode.c.h; name = GameCenterManager.h; path = Classes/GameCenterManager.h; sourceTree = "<group>"; };
		E47D2E9017479C24000EBFE1 /* GameCenterManager.m */ = {isa = PBXFileReference; fileEncoding = 4; lastKnownFileType = sourcecode.c.objc; name = GameCenterManager.m; path = Classes/GameCenterManager.m; sourceTree = "<group>"; };
/* End PBXFileReference section */

/* Begin PBXFrameworksBuildPhase section */
		E47D2E5117477EDD000EBFE1 /* Frameworks */ = {
			isa = PBXFrameworksBuildPhase;
			buildActionMask = 2147483647;
			files = (
				E47D2E5817477EDD000EBFE1 /* UIKit.framework in Frameworks */,
				E47D2E5A17477EDD000EBFE1 /* Foundation.framework in Frameworks */,
				E47D2E5C17477EDD000EBFE1 /* CoreGraphics.framework in Frameworks */,
			);
			runOnlyForDeploymentPostprocessing = 0;
		};
/* End PBXFrameworksBuildPhase section */

/* Begin PBXGroup section */
		E47D2E4B17477EDD000EBFE1 = {
			isa = PBXGroup;
			children = (
				E47D2E5D17477EDD000EBFE1 /* ArenaBlock */,
				E47D2E5617477EDD000EBFE1 /* Frameworks */,
				E47D2E5517477EDD000EBFE1 /* Products */,
			);
			sourceTree = "<group>";
		};
		E47D2E5517477EDD000EBFE1 /* Products */ = {
			isa = PBXGroup;
			children = (
				E47D2E5417477EDD000EBFE1 /* ArenaBlock.app */,
			);
			name = Products;
			sourceTree = "<group>";
		};
		E47D2E5617477EDD000EBFE1 /* Frameworks */ = {
			isa = PBXGroup;
			children = (
				E47D2E5717477EDD000EBFE1 /* UIKit.framework */,
				E47D2E5917477EDD000EBFE1 /* Foundation.framework */,
				E47D2E5B17477EDD000EBFE1 /* CoreGraphics.framework */,
			);
			name = Frameworks;
			sourceTree = "<group>";
		};
		E47D2E5D17477EDD000EBFE1 /* ArenaBlock */ = {
			isa = PBXGroup;
			children = (
				E47D2E7D17477EF3000EBFE1 /* Classes */,
				E47D2E8417477F36000EBFE1 /* UI */,
				E47D2E8517477F42000EBFE1 /* Resources */,
				E47D2E5E17477EDD000EBFE1 /* Supporting Files */,
			);
			path = ArenaBlock;
			sourceTree = "<group>";
		};
		E47D2E5E17477EDD000EBFE1 /* Supporting Files */ = {
			isa = PBXGroup;
			children = (
				E47D2E5F17477EDD000EBFE1 /* ArenaBlock-Info.plist */,
				E47D2E6017477EDD000EBFE1 /* InfoPlist.strings */,
				E47D2E6317477EDD000EBFE1 /* main.m */,
				E47D2E6517477EDD000EBFE1 /* ArenaBlock-Prefix.pch */,
				E47D2E6917477EDD000EBFE1 /* Default.png */,
				E47D2E6B17477EDD000EBFE1 /* Default@2x.png */,
				E47D2E6D17477EDD000EBFE1 /* Default-568h@2x.png */,
			);
			name = "Supporting Files";
			sourceTree = "<group>";
		};
		E47D2E7D17477EF3000EBFE1 /* Classes */ = {
			isa = PBXGroup;
			children = (
				E47D2E7E17477F28000EBFE1 /* AppDelegate.h */,
				E47D2E7F17477F28000EBFE1 /* AppDelegate.m */,
				E47D2E8017477F28000EBFE1 /* MainController.h */,
				E47D2E8117477F28000EBFE1 /* MainController.m */,
				E47D2E8F17479C24000EBFE1 /* GameCenterManager.h */,
				E47D2E9017479C24000EBFE1 /* GameCenterManager.m */,
			);
			name = Classes;
			sourceTree = "<group>";
		};
		E47D2E8417477F36000EBFE1 /* UI */ = {
			isa = PBXGroup;
			children = (
				E47D2E6F17477EDD000EBFE1 /* MainStoryboard_iPhone.storyboard */,
				E47D2E7217477EDD000EBFE1 /* MainStoryboard_iPad.storyboard */,
			);
			name = UI;
			sourceTree = "<group>";
		};
		E47D2E8517477F42000EBFE1 /* Resources */ = {
			isa = PBXGroup;
			children = (
				E47D2E8617477F49000EBFE1 /* Images */,
			);
			name = Resources;
			sourceTree = "<group>";
		};
		E47D2E8617477F49000EBFE1 /* Images */ = {
			isa = PBXGroup;
			children = (
			);
			name = Images;
			sourceTree = "<group>";
		};
/* End PBXGroup section */

/* Begin PBXNativeTarget section */
		E47D2E5317477EDD000EBFE1 /* ArenaBlock */ = {
			isa = PBXNativeTarget;
			buildConfigurationList = E47D2E7A17477EDD000EBFE1 /* Build configuration list for PBXNativeTarget "ArenaBlock" */;
			buildPhases = (
				E47D2E5017477EDD000EBFE1 /* Sources */,
				E47D2E5117477EDD000EBFE1 /* Frameworks */,
				E47D2E5217477EDD000EBFE1 /* Resources */,
			);
			buildRules = (
			);
			dependencies = (
			);
			name = ArenaBlock;
			productName = ArenaBlock;
			productReference = E47D2E5417477EDD000EBFE1 /* ArenaBlock.app */;
			productType = "com.apple.product-type.application";
		};
/* End PBXNativeTarget section */

/* Begin PBXProject section */
		E47D2E4C17477EDD000EBFE1 /* Project object */ = {
			isa = PBXProject;
			attributes = {
				LastUpgradeCheck = 0460;
				ORGANIZATIONNAME = beMyApp;
			};
			buildConfigurationList = E47D2E4F17477EDD000EBFE1 /* Build configuration list for PBXProject "ArenaBlock" */;
			compatibilityVersion = "Xcode 3.2";
			developmentRegion = English;
			hasScannedForEncodings = 0;
			knownRegions = (
				en,
			);
			mainGroup = E47D2E4B17477EDD000EBFE1;
			productRefGroup = E47D2E5517477EDD000EBFE1 /* Products */;
			projectDirPath = "";
			projectRoot = "";
			targets = (
				E47D2E5317477EDD000EBFE1 /* ArenaBlock */,
			);
		};
/* End PBXProject section */

/* Begin PBXResourcesBuildPhase section */
		E47D2E5217477EDD000EBFE1 /* Resources */ = {
			isa = PBXResourcesBuildPhase;
			buildActionMask = 2147483647;
			files = (
				E47D2E6217477EDD000EBFE1 /* InfoPlist.strings in Resources */,
				E47D2E6A17477EDD000EBFE1 /* Default.png in Resources */,
				E47D2E6C17477EDD000EBFE1 /* Default@2x.png in Resources */,
				E47D2E6E17477EDD000EBFE1 /* Default-568h@2x.png in Resources */,
				E47D2E7117477EDD000EBFE1 /* MainStoryboard_iPhone.storyboard in Resources */,
				E47D2E7417477EDD000EBFE1 /* MainStoryboard_iPad.storyboard in Resources */,
			);
			runOnlyForDeploymentPostprocessing = 0;
		};
/* End PBXResourcesBuildPhase section */

/* Begin PBXSourcesBuildPhase section */
		E47D2E5017477EDD000EBFE1 /* Sources */ = {
			isa = PBXSourcesBuildPhase;
			buildActionMask = 2147483647;
			files = (
				E47D2E6417477EDD000EBFE1 /* main.m in Sources */,
				E47D2E8217477F28000EBFE1 /* AppDelegate.m in Sources */,
				E47D2E8317477F28000EBFE1 /* MainController.m in Sources */,
				E47D2E9117479C24000EBFE1 /* GameCenterManager.m in Sources */,
			);
			runOnlyForDeploymentPostprocessing = 0;
		};
/* End PBXSourcesBuildPhase section */

/* Begin PBXVariantGroup section */
		E47D2E6017477EDD000EBFE1 /* InfoPlist.strings */ = {
			isa = PBXVariantGroup;
			children = (
				E47D2E6117477EDD000EBFE1 /* en */,
			);
			name = InfoPlist.strings;
			sourceTree = "<group>";
		};
		E47D2E6F17477EDD000EBFE1 /* MainStoryboard_iPhone.storyboard */ = {
			isa = PBXVariantGroup;
			children = (
				E47D2E7017477EDD000EBFE1 /* en */,
			);
			name = MainStoryboard_iPhone.storyboard;
			sourceTree = "<group>";
		};
		E47D2E7217477EDD000EBFE1 /* MainStoryboard_iPad.storyboard */ = {
			isa = PBXVariantGroup;
			children = (
				E47D2E7317477EDD000EBFE1 /* en */,
			);
			name = MainStoryboard_iPad.storyboard;
			sourceTree = "<group>";
		};
/* End PBXVariantGroup section */

/* Begin XCBuildConfiguration section */
		E47D2E7817477EDD000EBFE1 /* Debug */ = {
			isa = XCBuildConfiguration;
			buildSettings = {
				ALWAYS_SEARCH_USER_PATHS = NO;
				CLANG_CXX_LANGUAGE_STANDARD = "gnu++0x";
				CLANG_CXX_LIBRARY = "libc++";
				CLANG_ENABLE_OBJC_ARC = YES;
				CLANG_WARN_CONSTANT_CONVERSION = YES;
				CLANG_WARN_EMPTY_BODY = YES;
				CLANG_WARN_ENUM_CONVERSION = YES;
				CLANG_WARN_INT_CONVERSION = YES;
				CLANG_WARN__DUPLICATE_METHOD_MATCH = YES;
				"CODE_SIGN_IDENTITY[sdk=iphoneos*]" = "iPhone Developer";
				COPY_PHASE_STRIP = NO;
				GCC_C_LANGUAGE_STANDARD = gnu99;
				GCC_DYNAMIC_NO_PIC = NO;
				GCC_OPTIMIZATION_LEVEL = 0;
				GCC_PREPROCESSOR_DEFINITIONS = (
					"DEBUG=1",
					"$(inherited)",
				);
				GCC_SYMBOLS_PRIVATE_EXTERN = NO;
				GCC_WARN_ABOUT_RETURN_TYPE = YES;
				GCC_WARN_UNINITIALIZED_AUTOS = YES;
				GCC_WARN_UNUSED_VARIABLE = YES;
				IPHONEOS_DEPLOYMENT_TARGET = 6.1;
				ONLY_ACTIVE_ARCH = YES;
				SDKROOT = iphoneos;
				TARGETED_DEVICE_FAMILY = "1,2";
			};
			name = Debug;
		};
		E47D2E7917477EDD000EBFE1 /* Release */ = {
			isa = XCBuildConfiguration;
			buildSettings = {
				ALWAYS_SEARCH_USER_PATHS = NO;
				CLANG_CXX_LANGUAGE_STANDARD = "gnu++0x";
				CLANG_CXX_LIBRARY = "libc++";
				CLANG_ENABLE_OBJC_ARC = YES;
				CLANG_WARN_CONSTANT_CONVERSION = YES;
				CLANG_WARN_EMPTY_BODY = YES;
				CLANG_WARN_ENUM_CONVERSION = YES;
				CLANG_WARN_INT_CONVERSION = YES;
				CLANG_WARN__DUPLICATE_METHOD_MATCH = YES;
				"CODE_SIGN_IDENTITY[sdk=iphoneos*]" = "iPhone Developer";
				COPY_PHASE_STRIP = YES;
				GCC_C_LANGUAGE_STANDARD = gnu99;
				GCC_WARN_ABOUT_RETURN_TYPE = YES;
				GCC_WARN_UNINITIALIZED_AUTOS = YES;
				GCC_WARN_UNUSED_VARIABLE = YES;
				IPHONEOS_DEPLOYMENT_TARGET = 6.1;
				OTHER_CFLAGS = "-DNS_BLOCK_ASSERTIONS=1";
				SDKROOT = iphoneos;
				TARGETED_DEVICE_FAMILY = "1,2";
				VALIDATE_PRODUCT = YES;
			};
			name = Release;
		};
		E47D2E7B17477EDD000EBFE1 /* Debug */ = {
			isa = XCBuildConfiguration;
			buildSettings = {
				GCC_PRECOMPILE_PREFIX_HEADER = YES;
				GCC_PREFIX_HEADER = "ArenaBlock/ArenaBlock-Prefix.pch";
				INFOPLIST_FILE = "ArenaBlock/ArenaBlock-Info.plist";
				PRODUCT_NAME = "$(TARGET_NAME)";
				WRAPPER_EXTENSION = app;
			};
			name = Debug;
		};
		E47D2E7C17477EDD000EBFE1 /* Release */ = {
			isa = XCBuildConfiguration;
			buildSettings = {
				GCC_PRECOMPILE_PREFIX_HEADER = YES;
				GCC_PREFIX_HEADER = "ArenaBlock/ArenaBlock-Prefix.pch";
				INFOPLIST_FILE = "ArenaBlock/ArenaBlock-Info.plist";
				PRODUCT_NAME = "$(TARGET_NAME)";
				WRAPPER_EXTENSION = app;
			};
			name = Release;
		};
/* End XCBuildConfiguration section */

/* Begin XCConfigurationList section */
		E47D2E4F17477EDD000EBFE1 /* Build configuration list for PBXProject "ArenaBlock" */ = {
			isa = XCConfigurationList;
			buildConfigurations = (
				E47D2E7817477EDD000EBFE1 /* Debug */,
				E47D2E7917477EDD000EBFE1 /* Release */,
			);
			defaultConfigurationIsVisible = 0;
			defaultConfigurationName = Release;
		};
		E47D2E7A17477EDD000EBFE1 /* Build configuration list for PBXNativeTarget "ArenaBlock" */ = {
			isa = XCConfigurationList;
			buildConfigurations = (
				E47D2E7B17477EDD000EBFE1 /* Debug */,
				E47D2E7C17477EDD000EBFE1 /* Release */,
			);
			defaultConfigurationIsVisible = 0;
			defaultConfigurationName = Release;
		};
/* End XCConfigurationList section */
	};
	rootObject = E47D2E4C17477EDD000EBFE1 /* Project object */;
}
